
Microsoft Visual Studio Solution File, Format Version 12.00
# Visual Studio Version 17
VisualStudioVersion = 17.1.32421.90
MinimumVisualStudioVersion = 10.0.40219.1
Project("{FAE04EC0-301F-11D3-BF4B-00C04F79EFBC}") = "LearnCS", "LearnCS\LearnCS.csproj", "{CCD4CED0-EF86-4FA1-8E73-5439A5A6A744}"
EndProject
Global
	GlobalSection(SolutionConfigurationPlatforms) = preSolution
		Debug|Any CPU = Debug|Any CPU
		Release|Any CPU = Release|Any CPU
	EndGlobalSection
	GlobalSection(ProjectConfigurationPlatforms) = postSolution
		{CCD4CED0-EF86-4FA1-8E73-5439A5A6A744}.Debug|Any CPU.ActiveCfg = Debug|Any CPU
		{CCD4CED0-EF86-4FA1-8E73-5439A5A6A744}.Debug|Any CPU.Build.0 = Debug|Any CPU
		{CCD4CED0-EF86-4FA1-8E73-5439A5A6A744}.Release|Any CPU.ActiveCfg = Release|Any CPU
		{CCD4CED0-EF86-4FA1-8E73-5439A5A6A744}.Release|Any CPU.Build.0 = Release|Any CPU
	EndGlobalSection
	GlobalSection(SolutionProperties) = preSolution
		HideSolutionNode = FALSE
	EndGlobalSection
	GlobalSection(ExtensibilityGlobals) = postSolution
		SolutionGuid = {945CCDCC-B42E-43D6-9CE7-1A5AF5FD8BA9}
	EndGlobalSection
EndGlobal
